
Microsoft Visual Studio Solution File, Format Version 12.00
# Visual Studio 15
VisualStudioVersion = 15.0.26124.0
MinimumVisualStudioVersion = 15.0.26124.0
Project("{2150E333-8FDC-42A3-9474-1A3956D46DE8}") = "src", "src", "{C4AC7EA5-F279-4C0C-BAD0-5675796F04A4}"
EndProject
Project("{FAE04EC0-301F-11D3-BF4B-00C04F79EFBC}") = "Domain", "src\Domain\Domain.csproj", "{6EB11B6F-0BF4-4183-A8FB-78A3BEB3428A}"
EndProject
Project("{FAE04EC0-301F-11D3-BF4B-00C04F79EFBC}") = "Service", "src\Service\Service.csproj", "{FD62BCB4-8D22-4533-9382-07A5FF9519AD}"
EndProject
Project("{2150E333-8FDC-42A3-9474-1A3956D46DE8}") = "UI", "UI", "{ADA51205-F70C-4D03-ABCD-FBA568928F7E}"
EndProject
Project("{FAE04EC0-301F-11D3-BF4B-00C04F79EFBC}") = "Init", "src\UI\Init\Init.csproj", "{FA5DFC17-DD92-4E70-BBD2-72D66BB7FD62}"
EndProject
Project("{FAE04EC0-301F-11D3-BF4B-00C04F79EFBC}") = "Test", "src\UI\Test\Test.csproj", "{4E9E02C3-41E5-47C5-8530-97AB290FA9A3}"
EndProject
Global
	GlobalSection(SolutionConfigurationPlatforms) = preSolution
		Debug|Any CPU = Debug|Any CPU
		Debug|x64 = Debug|x64
		Debug|x86 = Debug|x86
		Release|Any CPU = Release|Any CPU
		Release|x64 = Release|x64
		Release|x86 = Release|x86
	EndGlobalSection
	GlobalSection(SolutionProperties) = preSolution
		HideSolutionNode = FALSE
	EndGlobalSection
	GlobalSection(ProjectConfigurationPlatforms) = postSolution
		{6EB11B6F-0BF4-4183-A8FB-78A3BEB3428A}.Debug|Any CPU.ActiveCfg = Debug|Any CPU
		{6EB11B6F-0BF4-4183-A8FB-78A3BEB3428A}.Debug|Any CPU.Build.0 = Debug|Any CPU
		{6EB11B6F-0BF4-4183-A8FB-78A3BEB3428A}.Debug|x64.ActiveCfg = Debug|x64
		{6EB11B6F-0BF4-4183-A8FB-78A3BEB3428A}.Debug|x64.Build.0 = Debug|x64
		{6EB11B6F-0BF4-4183-A8FB-78A3BEB3428A}.Debug|x86.ActiveCfg = Debug|x86
		{6EB11B6F-0BF4-4183-A8FB-78A3BEB3428A}.Debug|x86.Build.0 = Debug|x86
		{6EB11B6F-0BF4-4183-A8FB-78A3BEB3428A}.Release|Any CPU.ActiveCfg = Release|Any CPU
		{6EB11B6F-0BF4-4183-A8FB-78A3BEB3428A}.Release|Any CPU.Build.0 = Release|Any CPU
		{6EB11B6F-0BF4-4183-A8FB-78A3BEB3428A}.Release|x64.ActiveCfg = Release|x64
		{6EB11B6F-0BF4-4183-A8FB-78A3BEB3428A}.Release|x64.Build.0 = Release|x64
		{6EB11B6F-0BF4-4183-A8FB-78A3BEB3428A}.Release|x86.ActiveCfg = Release|x86
		{6EB11B6F-0BF4-4183-A8FB-78A3BEB3428A}.Release|x86.Build.0 = Release|x86
		{FD62BCB4-8D22-4533-9382-07A5FF9519AD}.Debug|Any CPU.ActiveCfg = Debug|Any CPU
		{FD62BCB4-8D22-4533-9382-07A5FF9519AD}.Debug|Any CPU.Build.0 = Debug|Any CPU
		{FD62BCB4-8D22-4533-9382-07A5FF9519AD}.Debug|x64.ActiveCfg = Debug|x64
		{FD62BCB4-8D22-4533-9382-07A5FF9519AD}.Debug|x64.Build.0 = Debug|x64
		{FD62BCB4-8D22-4533-9382-07A5FF9519AD}.Debug|x86.ActiveCfg = Debug|x86
		{FD62BCB4-8D22-4533-9382-07A5FF9519AD}.Debug|x86.Build.0 = Debug|x86
		{FD62BCB4-8D22-4533-9382-07A5FF9519AD}.Release|Any CPU.ActiveCfg = Release|Any CPU
		{FD62BCB4-8D22-4533-9382-07A5FF9519AD}.Release|Any CPU.Build.0 = Release|Any CPU
		{FD62BCB4-8D22-4533-9382-07A5FF9519AD}.Release|x64.ActiveCfg = Release|x64
		{FD62BCB4-8D22-4533-9382-07A5FF9519AD}.Release|x64.Build.0 = Release|x64
		{FD62BCB4-8D22-4533-9382-07A5FF9519AD}.Release|x86.ActiveCfg = Release|x86
		{FD62BCB4-8D22-4533-9382-07A5FF9519AD}.Release|x86.Build.0 = Release|x86
		{FA5DFC17-DD92-4E70-BBD2-72D66BB7FD62}.Debug|Any CPU.ActiveCfg = Debug|Any CPU
		{FA5DFC17-DD92-4E70-BBD2-72D66BB7FD62}.Debug|Any CPU.Build.0 = Debug|Any CPU
		{FA5DFC17-DD92-4E70-BBD2-72D66BB7FD62}.Debug|x64.ActiveCfg = Debug|x64
		{FA5DFC17-DD92-4E70-BBD2-72D66BB7FD62}.Debug|x64.Build.0 = Debug|x64
		{FA5DFC17-DD92-4E70-BBD2-72D66BB7FD62}.Debug|x86.ActiveCfg = Debug|x86
		{FA5DFC17-DD92-4E70-BBD2-72D66BB7FD62}.Debug|x86.Build.0 = Debug|x86
		{FA5DFC17-DD92-4E70-BBD2-72D66BB7FD62}.Release|Any CPU.ActiveCfg = Release|Any CPU
		{FA5DFC17-DD92-4E70-BBD2-72D66BB7FD62}.Release|Any CPU.Build.0 = Release|Any CPU
		{FA5DFC17-DD92-4E70-BBD2-72D66BB7FD62}.Release|x64.ActiveCfg = Release|x64
		{FA5DFC17-DD92-4E70-BBD2-72D66BB7FD62}.Release|x64.Build.0 = Release|x64
		{FA5DFC17-DD92-4E70-BBD2-72D66BB7FD62}.Release|x86.ActiveCfg = Release|x86
		{FA5DFC17-DD92-4E70-BBD2-72D66BB7FD62}.Release|x86.Build.0 = Release|x86
		{4E9E02C3-41E5-47C5-8530-97AB290FA9A3}.Debug|Any CPU.ActiveCfg = Debug|Any CPU
		{4E9E02C3-41E5-47C5-8530-97AB290FA9A3}.Debug|Any CPU.Build.0 = Debug|Any CPU
		{4E9E02C3-41E5-47C5-8530-97AB290FA9A3}.Debug|x64.ActiveCfg = Debug|x64
		{4E9E02C3-41E5-47C5-8530-97AB290FA9A3}.Debug|x64.Build.0 = Debug|x64
		{4E9E02C3-41E5-47C5-8530-97AB290FA9A3}.Debug|x86.ActiveCfg = Debug|x86
		{4E9E02C3-41E5-47C5-8530-97AB290FA9A3}.Debug|x86.Build.0 = Debug|x86
		{4E9E02C3-41E5-47C5-8530-97AB290FA9A3}.Release|Any CPU.ActiveCfg = Release|Any CPU
		{4E9E02C3-41E5-47C5-8530-97AB290FA9A3}.Release|Any CPU.Build.0 = Release|Any CPU
		{4E9E02C3-41E5-47C5-8530-97AB290FA9A3}.Release|x64.ActiveCfg = Release|x64
		{4E9E02C3-41E5-47C5-8530-97AB290FA9A3}.Release|x64.Build.0 = Release|x64
		{4E9E02C3-41E5-47C5-8530-97AB290FA9A3}.Release|x86.ActiveCfg = Release|x86
		{4E9E02C3-41E5-47C5-8530-97AB290FA9A3}.Release|x86.Build.0 = Release|x86
	EndGlobalSection
	GlobalSection(NestedProjects) = preSolution
		{6EB11B6F-0BF4-4183-A8FB-78A3BEB3428A} = {C4AC7EA5-F279-4C0C-BAD0-5675796F04A4}
		{FD62BCB4-8D22-4533-9382-07A5FF9519AD} = {C4AC7EA5-F279-4C0C-BAD0-5675796F04A4}
		{ADA51205-F70C-4D03-ABCD-FBA568928F7E} = {C4AC7EA5-F279-4C0C-BAD0-5675796F04A4}
		{FA5DFC17-DD92-4E70-BBD2-72D66BB7FD62} = {ADA51205-F70C-4D03-ABCD-FBA568928F7E}
		{4E9E02C3-41E5-47C5-8530-97AB290FA9A3} = {ADA51205-F70C-4D03-ABCD-FBA568928F7E}
	EndGlobalSection
EndGlobal
